
Microsoft Visual Studio Solution File, Format Version 12.00
# Visual Studio Version 17
VisualStudioVersion = 17.12.35527.113 d17.12
MinimumVisualStudioVersion = 10.0.40219.1
Project("{FAE04EC0-301F-11D3-BF4B-00C04F79EFBC}") = "Fantasy.Backend", "Fantasy.Backend\Fantasy.Backend.csproj", "{E85EFA10-EB7C-4B87-88E2-D82D8D86E95D}"
EndProject
Project("{FAE04EC0-301F-11D3-BF4B-00C04F79EFBC}") = "Fantasy.Frontend", "Fantasy.Frontend\Fantasy.Frontend.csproj", "{252F8B65-B4F5-4F2E-AD28-107E9AA1358E}"
EndProject
Project("{FAE04EC0-301F-11D3-BF4B-00C04F79EFBC}") = "Fantasy.Shared", "Fantasy.Shared\Fantasy.Shared.csproj", "{13B9322A-1AE7-4913-A9BE-F73F030B2F42}"
EndProject
Project("{FAE04EC0-301F-11D3-BF4B-00C04F79EFBC}") = "Fantasy.Tests", "Fantasy.Tests\Fantasy.Tests.csproj", "{F70879A8-3764-40A2-8250-392D6CE58294}"
EndProject
Global
	GlobalSection(SolutionConfigurationPlatforms) = preSolution
		Debug|Any CPU = Debug|Any CPU
		Release|Any CPU = Release|Any CPU
	EndGlobalSection
	GlobalSection(ProjectConfigurationPlatforms) = postSolution
		{E85EFA10-EB7C-4B87-88E2-D82D8D86E95D}.Debug|Any CPU.ActiveCfg = Debug|Any CPU
		{E85EFA10-EB7C-4B87-88E2-D82D8D86E95D}.Debug|Any CPU.Build.0 = Debug|Any CPU
		{E85EFA10-EB7C-4B87-88E2-D82D8D86E95D}.Release|Any CPU.ActiveCfg = Release|Any CPU
		{E85EFA10-EB7C-4B87-88E2-D82D8D86E95D}.Release|Any CPU.Build.0 = Release|Any CPU
		{252F8B65-B4F5-4F2E-AD28-107E9AA1358E}.Debug|Any CPU.ActiveCfg = Debug|Any CPU
		{252F8B65-B4F5-4F2E-AD28-107E9AA1358E}.Debug|Any CPU.Build.0 = Debug|Any CPU
		{252F8B65-B4F5-4F2E-AD28-107E9AA1358E}.Release|Any CPU.ActiveCfg = Release|Any CPU
		{252F8B65-B4F5-4F2E-AD28-107E9AA1358E}.Release|Any CPU.Build.0 = Release|Any CPU
		{13B9322A-1AE7-4913-A9BE-F73F030B2F42}.Debug|Any CPU.ActiveCfg = Debug|Any CPU
		{13B9322A-1AE7-4913-A9BE-F73F030B2F42}.Debug|Any CPU.Build.0 = Debug|Any CPU
		{13B9322A-1AE7-4913-A9BE-F73F030B2F42}.Release|Any CPU.ActiveCfg = Release|Any CPU
		{13B9322A-1AE7-4913-A9BE-F73F030B2F42}.Release|Any CPU.Build.0 = Release|Any CPU
		{F70879A8-3764-40A2-8250-392D6CE58294}.Debug|Any CPU.ActiveCfg = Debug|Any CPU
		{F70879A8-3764-40A2-8250-392D6CE58294}.Debug|Any CPU.Build.0 = Debug|Any CPU
		{F70879A8-3764-40A2-8250-392D6CE58294}.Release|Any CPU.ActiveCfg = Release|Any CPU
		{F70879A8-3764-40A2-8250-392D6CE58294}.Release|Any CPU.Build.0 = Release|Any CPU
	EndGlobalSection
	GlobalSection(SolutionProperties) = preSolution
		HideSolutionNode = FALSE
	EndGlobalSection
EndGlobal
